
Microsoft Visual Studio Solution File, Format Version 12.00
# Visual Studio Version 17
VisualStudioVersion = 17.14.36616.10 d17.14
MinimumVisualStudioVersion = 10.0.40219.1
Project("{8BC9CEB8-8B4A-11D0-8D11-00A0C91BC942}") = "oop-01.2", "oop-01.2\oop-01.2.vcxproj", "{FD56CEED-758B-4E11-B7FE-5BC9D1F8BDDD}"
EndProject
Project("{8BC9CEB8-8B4A-11D0-8D11-00A0C91BC942}") = "OOPUnitTest1.2", "OOPUnitTest1.2\OOPUnitTest1.2.vcxproj", "{3E4050EB-2F68-BE68-9308-A1E6DBA2845B}"
EndProject
Global
	GlobalSection(SolutionConfigurationPlatforms) = preSolution
		Debug|x64 = Debug|x64
		Debug|x86 = Debug|x86
		Release|x64 = Release|x64
		Release|x86 = Release|x86
	EndGlobalSection
	GlobalSection(ProjectConfigurationPlatforms) = postSolution
		{FD56CEED-758B-4E11-B7FE-5BC9D1F8BDDD}.Debug|x64.ActiveCfg = Debug|x64
		{FD56CEED-758B-4E11-B7FE-5BC9D1F8BDDD}.Debug|x64.Build.0 = Debug|x64
		{FD56CEED-758B-4E11-B7FE-5BC9D1F8BDDD}.Debug|x86.ActiveCfg = Debug|Win32
		{FD56CEED-758B-4E11-B7FE-5BC9D1F8BDDD}.Debug|x86.Build.0 = Debug|Win32
		{FD56CEED-758B-4E11-B7FE-5BC9D1F8BDDD}.Release|x64.ActiveCfg = Release|x64
		{FD56CEED-758B-4E11-B7FE-5BC9D1F8BDDD}.Release|x64.Build.0 = Release|x64
		{FD56CEED-758B-4E11-B7FE-5BC9D1F8BDDD}.Release|x86.ActiveCfg = Release|Win32
		{FD56CEED-758B-4E11-B7FE-5BC9D1F8BDDD}.Release|x86.Build.0 = Release|Win32
		{3E4050EB-2F68-BE68-9308-A1E6DBA2845B}.Debug|x64.ActiveCfg = Debug|x64
		{3E4050EB-2F68-BE68-9308-A1E6DBA2845B}.Debug|x64.Build.0 = Debug|x64
		{3E4050EB-2F68-BE68-9308-A1E6DBA2845B}.Debug|x86.ActiveCfg = Debug|Win32
		{3E4050EB-2F68-BE68-9308-A1E6DBA2845B}.Debug|x86.Build.0 = Debug|Win32
		{3E4050EB-2F68-BE68-9308-A1E6DBA2845B}.Release|x64.ActiveCfg = Release|x64
		{3E4050EB-2F68-BE68-9308-A1E6DBA2845B}.Release|x64.Build.0 = Release|x64
		{3E4050EB-2F68-BE68-9308-A1E6DBA2845B}.Release|x86.ActiveCfg = Release|Win32
		{3E4050EB-2F68-BE68-9308-A1E6DBA2845B}.Release|x86.Build.0 = Release|Win32
	EndGlobalSection
	GlobalSection(SolutionProperties) = preSolution
		HideSolutionNode = FALSE
	EndGlobalSection
	GlobalSection(ExtensibilityGlobals) = postSolution
		SolutionGuid = {3B497E0F-AFA0-4531-855A-279C774D63A7}
	EndGlobalSection
EndGlobal
